Microsoft Visual Studio Solution File, Format Version 8.00
Project("{8BC9CEB8-8B4A-11D0-8D11-00A0C91BC942}") = "real", "real.vcproj", "{747CDD9F-3DE0-43ED-BD25-435678B340BD}"
	ProjectSection(ProjectDependencies) = postProject
	EndProjectSection
EndProject
Global
	GlobalSection(SolutionConfiguration) = preSolution
		Debug = Debug
		Release = Release
	EndGlobalSection
	GlobalSection(ProjectConfiguration) = postSolution
		{747CDD9F-3DE0-43ED-BD25-435678B340BD}.Debug.ActiveCfg = Debug|Win32
		{747CDD9F-3DE0-43ED-BD25-435678B340BD}.Debug.Build.0 = Debug|Win32
		{747CDD9F-3DE0-43ED-BD25-435678B340BD}.Release.ActiveCfg = Release|Win32
		{747CDD9F-3DE0-43ED-BD25-435678B340BD}.Release.Build.0 = Release|Win32
	EndGlobalSection
	GlobalSection(ExtensibilityGlobals) = postSolution
	EndGlobalSection
	GlobalSection(ExtensibilityAddIns) = postSolution
	EndGlobalSection
EndGlobal
